
Microsoft Visual Studio Solution File, Format Version 12.00
# Visual Studio Version 17
VisualStudioVersion = 17.5.33530.505
MinimumVisualStudioVersion = 10.0.40219.1
Project("{FAE04EC0-301F-11D3-BF4B-00C04F79EFBC}") = "MinimalBookApi", "MinimalBookApi\MinimalBookApi.csproj", "{B4ED392D-3DF6-496F-87B2-408937D92005}"
EndProject
Global
	GlobalSection(SolutionConfigurationPlatforms) = preSolution
		Debug|Any CPU = Debug|Any CPU
		Release|Any CPU = Release|Any CPU
	EndGlobalSection
	GlobalSection(ProjectConfigurationPlatforms) = postSolution
		{B4ED392D-3DF6-496F-87B2-408937D92005}.Debug|Any CPU.ActiveCfg = Debug|Any CPU
		{B4ED392D-3DF6-496F-87B2-408937D92005}.Debug|Any CPU.Build.0 = Debug|Any CPU
		{B4ED392D-3DF6-496F-87B2-408937D92005}.Release|Any CPU.ActiveCfg = Release|Any CPU
		{B4ED392D-3DF6-496F-87B2-408937D92005}.Release|Any CPU.Build.0 = Release|Any CPU
	EndGlobalSection
	GlobalSection(SolutionProperties) = preSolution
		HideSolutionNode = FALSE
	EndGlobalSection
	GlobalSection(ExtensibilityGlobals) = postSolution
		SolutionGuid = {899CC4B4-2F09-4050-8BAC-CDEA96526C68}
	EndGlobalSection
EndGlobal
